
Microsoft Visual Studio Solution File, Format Version 12.00
# Visual Studio Version 17
VisualStudioVersion = 17.13.35913.81 d17.13
MinimumVisualStudioVersion = 10.0.40219.1
Project("{FAE04EC0-301F-11D3-BF4B-00C04F79EFBC}") = "02-authorization", "02-authorization\02-authorization.csproj", "{BAF6CF68-114F-4618-A1D9-92E190CFDE81}"
EndProject
Project("{FAE04EC0-301F-11D3-BF4B-00C04F79EFBC}") = "03-role-based-authorization", "03-role-based-authorization\03-role-based-authorization.csproj", "{ADC3980D-C18A-4C1D-93A4-D0B6446DE3F9}"
EndProject
Project("{FAE04EC0-301F-11D3-BF4B-00C04F79EFBC}") = "03-role-based-authorization-identity", "03-role-based-authorization-identity\03-role-based-authorization-identity.csproj", "{3ED7DDF5-073C-4BA0-ABD2-BDF6E5637DDA}"
EndProject
Global
	GlobalSection(SolutionConfigurationPlatforms) = preSolution
		Debug|Any CPU = Debug|Any CPU
		Release|Any CPU = Release|Any CPU
	EndGlobalSection
	GlobalSection(ProjectConfigurationPlatforms) = postSolution
		{BAF6CF68-114F-4618-A1D9-92E190CFDE81}.Debug|Any CPU.ActiveCfg = Debug|Any CPU
		{BAF6CF68-114F-4618-A1D9-92E190CFDE81}.Debug|Any CPU.Build.0 = Debug|Any CPU
		{BAF6CF68-114F-4618-A1D9-92E190CFDE81}.Release|Any CPU.ActiveCfg = Release|Any CPU
		{BAF6CF68-114F-4618-A1D9-92E190CFDE81}.Release|Any CPU.Build.0 = Release|Any CPU
		{ADC3980D-C18A-4C1D-93A4-D0B6446DE3F9}.Debug|Any CPU.ActiveCfg = Debug|Any CPU
		{ADC3980D-C18A-4C1D-93A4-D0B6446DE3F9}.Debug|Any CPU.Build.0 = Debug|Any CPU
		{ADC3980D-C18A-4C1D-93A4-D0B6446DE3F9}.Release|Any CPU.ActiveCfg = Release|Any CPU
		{ADC3980D-C18A-4C1D-93A4-D0B6446DE3F9}.Release|Any CPU.Build.0 = Release|Any CPU
		{3ED7DDF5-073C-4BA0-ABD2-BDF6E5637DDA}.Debug|Any CPU.ActiveCfg = Debug|Any CPU
		{3ED7DDF5-073C-4BA0-ABD2-BDF6E5637DDA}.Debug|Any CPU.Build.0 = Debug|Any CPU
		{3ED7DDF5-073C-4BA0-ABD2-BDF6E5637DDA}.Release|Any CPU.ActiveCfg = Release|Any CPU
		{3ED7DDF5-073C-4BA0-ABD2-BDF6E5637DDA}.Release|Any CPU.Build.0 = Release|Any CPU
	EndGlobalSection
	GlobalSection(SolutionProperties) = preSolution
		HideSolutionNode = FALSE
	EndGlobalSection
EndGlobal
